// !$*UTF8*$!
{
	archiveVersion = 1;
	classes = {
	};
	objectVersion = 50;
	objects = {

/* Begin PBXBuildFile section */
		04349FF521B0D30F0045C6AF /* HistoryTableViewController.swift in Sources */ = {isa = PBXBuildFile; fileRef = 04349FF421B0D30F0045C6AF /* HistoryTableViewController.swift */; };
		04428E4121AEB86600494868 /* ProfileTableViewController.swift in Sources */ = {isa = PBXBuildFile; fileRef = 04428E4021AEB86600494868 /* ProfileTableViewController.swift */; };
		04428E4321B019BA00494868 /* InitialDocTableViewController.swift in Sources */ = {isa = PBXBuildFile; fileRef = 04428E4221B019BA00494868 /* InitialDocTableViewController.swift */; };
		04428E4521B01A8200494868 /* InitialDataList.plist in Resources */ = {isa = PBXBuildFile; fileRef = 04428E4421B01A8200494868 /* InitialDataList.plist */; };
		04541EDD21D89CC800E6D482 /* Auth0.plist in Resources */ = {isa = PBXBuildFile; fileRef = 04541EDB21D89CC700E6D482 /* Auth0.plist */; };
		0484645B21B0FC5000A04B03 /* Charts.framework in Frameworks */ = {isa = PBXBuildFile; fileRef = 0484645821B0FBE600A04B03 /* Charts.framework */; };
		0484645C21B0FC5000A04B03 /* Charts.framework in Embed Frameworks */ = {isa = PBXBuildFile; fileRef = 0484645821B0FBE600A04B03 /* Charts.framework */; settings = {ATTRIBUTES = (CodeSignOnCopy, RemoveHeadersOnCopy, ); }; };
		04E1BB9621B1649900000E3B /* Equipment1TableViewController.swift in Sources */ = {isa = PBXBuildFile; fileRef = 04E1BB9521B1649900000E3B /* Equipment1TableViewController.swift */; };
		04E1BB9821B16E0000000E3B /* HistoryPropertyList.plist in Resources */ = {isa = PBXBuildFile; fileRef = 04E1BB9721B16E0000000E3B /* HistoryPropertyList.plist */; };
		04E1BB9B21B17C3A00000E3B /* DailyTableViewController.swift in Sources */ = {isa = PBXBuildFile; fileRef = 04E1BB9A21B17C3A00000E3B /* DailyTableViewController.swift */; };
		04E1BB9D21B17C6200000E3B /* DailyThingsDataList.plist in Resources */ = {isa = PBXBuildFile; fileRef = 04E1BB9C21B17C6200000E3B /* DailyThingsDataList.plist */; };
		04E1BBA021B44A8F00000E3B /* Equipment2TableViewController.swift in Sources */ = {isa = PBXBuildFile; fileRef = 04E1BB9F21B44A8F00000E3B /* Equipment2TableViewController.swift */; };
		04FE9BED21D7AA46004D2D4A /* MyProfileSettingViewController.swift in Sources */ = {isa = PBXBuildFile; fileRef = 04FE9BEC21D7AA46004D2D4A /* MyProfileSettingViewController.swift */; };
		183A1D9921AC212E000ECFE3 /* InputAlertController.swift in Sources */ = {isa = PBXBuildFile; fileRef = 183A1D9821AC212E000ECFE3 /* InputAlertController.swift */; };
		183B06D421AABA3000200825 /* MonthlyThingsTableViewController.swift in Sources */ = {isa = PBXBuildFile; fileRef = 183B06D321AABA3000200825 /* MonthlyThingsTableViewController.swift */; };
		183B06D821AAD84800200825 /* MonthlyThingsDataList.plist in Resources */ = {isa = PBXBuildFile; fileRef = 183B06D721AAD84800200825 /* MonthlyThingsDataList.plist */; };
		18431C8921A5905D00D00AC7 /* AppDelegate.swift in Sources */ = {isa = PBXBuildFile; fileRef = 18431C8821A5905D00D00AC7 /* AppDelegate.swift */; };
		18431C8B21A5905D00D00AC7 /* ViewController.swift in Sources */ = {isa = PBXBuildFile; fileRef = 18431C8A21A5905D00D00AC7 /* ViewController.swift */; };
		18431C8E21A5905E00D00AC7 /* Main.storyboard in Resources */ = {isa = PBXBuildFile; fileRef = 18431C8C21A5905E00D00AC7 /* Main.storyboard */; };
		18431C9021A5906500D00AC7 /* Assets.xcassets in Resources */ = {isa = PBXBuildFile; fileRef = 18431C8F21A5906500D00AC7 /* Assets.xcassets */; };
		18431C9321A5906500D00AC7 /* LaunchScreen.storyboard in Resources */ = {isa = PBXBuildFile; fileRef = 18431C9121A5906500D00AC7 /* LaunchScreen.storyboard */; };
		44B896139B14DDA6E25396DF /* Pods_Countdown.framework in Frameworks */ = {isa = PBXBuildFile; fileRef = 95ADD0C543A7C04885DFCDFD /* Pods_Countdown.framework */; };
/* End PBXBuildFile section */

/* Begin PBXContainerItemProxy section */
		0484645721B0FBE600A04B03 /* PBXContainerItemProxy */ = {
			isa = PBXContainerItemProxy;
			containerPortal = 0484645221B0FBE600A04B03 /* Charts.xcodeproj */;
			proxyType = 2;
			remoteGlobalIDString = 65AD9E95D9ED4DC0BD73A743;
			remoteInfo = Charts;
		};
		0484645921B0FBE600A04B03 /* PBXContainerItemProxy */ = {
			isa = PBXContainerItemProxy;
			containerPortal = 0484645221B0FBE600A04B03 /* Charts.xcodeproj */;
			proxyType = 2;
			remoteGlobalIDString = 1CBBC58C6CE1EBEE9852CE41;
			remoteInfo = ChartsTests;
		};
		0484645D21B0FC5000A04B03 /* PBXContainerItemProxy */ = {
			isa = PBXContainerItemProxy;
			containerPortal = 0484645221B0FBE600A04B03 /* Charts.xcodeproj */;
			proxyType = 1;
			remoteGlobalIDString = A58A4ED274A941CA248EA921;
			remoteInfo = Charts;
		};
/* End PBXContainerItemProxy section */

/* Begin PBXCopyFilesBuildPhase section */
		0484645F21B0FC5000A04B03 /* Embed Frameworks */ = {
			isa = PBXCopyFilesBuildPhase;
			buildActionMask = 2147483647;
			dstPath = "";
			dstSubfolderSpec = 10;
			files = (
				0484645C21B0FC5000A04B03 /* Charts.framework in Embed Frameworks */,
			);
			name = "Embed Frameworks";
			runOnlyForDeploymentPostprocessing = 0;
		};
/* End PBXCopyFilesBuildPhase section */

/* Begin PBXFileReference section */
		04349FF421B0D30F0045C6AF /* HistoryTableViewController.swift */ = {isa = PBXFileReference; lastKnownFileType = sourcecode.swift; path = HistoryTableViewController.swift; sourceTree = "<group>"; };
		04428E4021AEB86600494868 /* ProfileTableViewController.swift */ = {isa = PBXFileReference; lastKnownFileType = sourcecode.swift; path = ProfileTableViewController.swift; sourceTree = "<group>"; };
		04428E4221B019BA00494868 /* InitialDocTableViewController.swift */ = {isa = PBXFileReference; lastKnownFileType = sourcecode.swift; path = InitialDocTableViewController.swift; sourceTree = "<group>"; };
		04428E4421B01A8200494868 /* InitialDataList.plist */ = {isa = PBXFileReference; lastKnownFileType = text.plist.xml; path = InitialDataList.plist; sourceTree = "<group>"; };
		04541EDB21D89CC700E6D482 /* Auth0.plist */ = {isa = PBXFileReference; fileEncoding = 4; lastKnownFileType = text.plist.xml; name = Auth0.plist; path = Countdown/Auth0.plist; sourceTree = SOURCE_ROOT; };
		0484645221B0FBE600A04B03 /* Charts.xcodeproj */ = {isa = PBXFileReference; lastKnownFileType = "wrapper.pb-project"; name = Charts.xcodeproj; path = "../../../Downloads/Charts-master/Charts.xcodeproj"; sourceTree = "<group>"; };
		04E1BB9521B1649900000E3B /* Equipment1TableViewController.swift */ = {isa = PBXFileReference; lastKnownFileType = sourcecode.swift; path = Equipment1TableViewController.swift; sourceTree = "<group>"; };
		04E1BB9721B16E0000000E3B /* HistoryPropertyList.plist */ = {isa = PBXFileReference; lastKnownFileType = text.plist.xml; path = HistoryPropertyList.plist; sourceTree = "<group>"; };
		04E1BB9A21B17C3A00000E3B /* DailyTableViewController.swift */ = {isa = PBXFileReference; lastKnownFileType = sourcecode.swift; path = DailyTableViewController.swift; sourceTree = "<group>"; };
		04E1BB9C21B17C6200000E3B /* DailyThingsDataList.plist */ = {isa = PBXFileReference; lastKnownFileType = text.plist.xml; path = DailyThingsDataList.plist; sourceTree = "<group>"; };
		04E1BB9F21B44A8F00000E3B /* Equipment2TableViewController.swift */ = {isa = PBXFileReference; lastKnownFileType = sourcecode.swift; path = Equipment2TableViewController.swift; sourceTree = "<group>"; };
		04FE9BEC21D7AA46004D2D4A /* MyProfileSettingViewController.swift */ = {isa = PBXFileReference; lastKnownFileType = sourcecode.swift; path = MyProfileSettingViewController.swift; sourceTree = "<group>"; };
		183A1D9821AC212E000ECFE3 /* InputAlertController.swift */ = {isa = PBXFileReference; lastKnownFileType = sourcecode.swift; path = InputAlertController.swift; sourceTree = "<group>"; };
		183B06D321AABA3000200825 /* MonthlyThingsTableViewController.swift */ = {isa = PBXFileReference; lastKnownFileType = sourcecode.swift; path = MonthlyThingsTableViewController.swift; sourceTree = "<group>"; };
		183B06D721AAD84800200825 /* MonthlyThingsDataList.plist */ = {isa = PBXFileReference; lastKnownFileType = text.plist.xml; path = MonthlyThingsDataList.plist; sourceTree = "<group>"; };
		18431C8521A5905D00D00AC7 /* Countdown.app */ = {isa = PBXFileReference; explicitFileType = wrapper.application; includeInIndex = 0; path = Countdown.app; sourceTree = BUILT_PRODUCTS_DIR; };
		18431C8821A5905D00D00AC7 /* AppDelegate.swift */ = {isa = PBXFileReference; lastKnownFileType = sourcecode.swift; path = AppDelegate.swift; sourceTree = "<group>"; };
		18431C8A21A5905D00D00AC7 /* ViewController.swift */ = {isa = PBXFileReference; lastKnownFileType = sourcecode.swift; path = ViewController.swift; sourceTree = "<group>"; };
		18431C8D21A5905E00D00AC7 /* Base */ = {isa = PBXFileReference; lastKnownFileType = file.storyboard; name = Base; path = Base.lproj/Main.storyboard; sourceTree = "<group>"; };
		18431C8F21A5906500D00AC7 /* Assets.xcassets */ = {isa = PBXFileReference; lastKnownFileType = folder.assetcatalog; path = Assets.xcassets; sourceTree = "<group>"; };
		18431C9221A5906500D00AC7 /* Base */ = {isa = PBXFileReference; lastKnownFileType = file.storyboard; name = Base; path = Base.lproj/LaunchScreen.storyboard; sourceTree = "<group>"; };
		18431C9421A5906500D00AC7 /* Info.plist */ = {isa = PBXFileReference; lastKnownFileType = text.plist.xml; path = Info.plist; sourceTree = "<group>"; };
		95ADD0C543A7C04885DFCDFD /* Pods_Countdown.framework */ = {isa = PBXFileReference; explicitFileType = wrapper.framework; includeInIndex = 0; path = Pods_Countdown.framework; sourceTree = BUILT_PRODUCTS_DIR; };
		A254758A7662331136951058 /* Pods-Countdown.release.xcconfig */ = {isa = PBXFileReference; includeInIndex = 1; lastKnownFileType = text.xcconfig; name = "Pods-Countdown.release.xcconfig"; path = "Pods/Target Support Files/Pods-Countdown/Pods-Countdown.release.xcconfig"; sourceTree = "<group>"; };
		FFEA5A06DE3EB0A2770D1128 /* Pods-Countdown.debug.xcconfig */ = {isa = PBXFileReference; includeInIndex = 1; lastKnownFileType = text.xcconfig; name = "Pods-Countdown.debug.xcconfig"; path = "Pods/Target Support Files/Pods-Countdown/Pods-Countdown.debug.xcconfig"; sourceTree = "<group>"; };
/* End PBXFileReference section */

/* Begin PBXFrameworksBuildPhase section */
		18431C8221A5905D00D00AC7 /* Frameworks */ = {
			isa = PBXFrameworksBuildPhase;
			buildActionMask = 2147483647;
			files = (
				0484645B21B0FC5000A04B03 /* Charts.framework in Frameworks */,
				44B896139B14DDA6E25396DF /* Pods_Countdown.framework in Frameworks */,
			);
			runOnlyForDeploymentPostprocessing = 0;
		};
/* End PBXFrameworksBuildPhase section */

/* Begin PBXGroup section */
		0484643121B0E03C00A04B03 /* Frameworks */ = {
			isa = PBXGroup;
			children = (
				95ADD0C543A7C04885DFCDFD /* Pods_Countdown.framework */,
			);
			name = Frameworks;
			sourceTree = "<group>";
		};
		0484645321B0FBE600A04B03 /* Products */ = {
			isa = PBXGroup;
			children = (
				0484645821B0FBE600A04B03 /* Charts.framework */,
				0484645A21B0FBE600A04B03 /* ChartsTests.xctest */,
			);
			name = Products;
			sourceTree = "<group>";
		};
		04E1BB9321B1624800000E3B /* ProfileGroup */ = {
			isa = PBXGroup;
			children = (
				04428E4021AEB86600494868 /* ProfileTableViewController.swift */,
				04428E4221B019BA00494868 /* InitialDocTableViewController.swift */,
				04349FF421B0D30F0045C6AF /* HistoryTableViewController.swift */,
				04E1BB9521B1649900000E3B /* Equipment1TableViewController.swift */,
				04E1BB9F21B44A8F00000E3B /* Equipment2TableViewController.swift */,
				04FE9BEC21D7AA46004D2D4A /* MyProfileSettingViewController.swift */,
			);
			path = ProfileGroup;
			sourceTree = "<group>";
		};
		04E1BB9921B1786800000E3B /* ThingsList */ = {
			isa = PBXGroup;
			children = (
				183B06D321AABA3000200825 /* MonthlyThingsTableViewController.swift */,
				04E1BB9A21B17C3A00000E3B /* DailyTableViewController.swift */,
			);
			path = ThingsList;
			sourceTree = "<group>";
		};
		04E1BB9E21B42F9F00000E3B /* DataLists */ = {
			isa = PBXGroup;
			children = (
				183B06D721AAD84800200825 /* MonthlyThingsDataList.plist */,
				04E1BB9C21B17C6200000E3B /* DailyThingsDataList.plist */,
				04E1BB9721B16E0000000E3B /* HistoryPropertyList.plist */,
				04428E4421B01A8200494868 /* InitialDataList.plist */,
			);
			path = DataLists;
			sourceTree = "<group>";
		};
		18431C7C21A5905D00D00AC7 = {
			isa = PBXGroup;
			children = (
				0484645221B0FBE600A04B03 /* Charts.xcodeproj */,
				18431C8721A5905D00D00AC7 /* Countdown */,
				18431C8621A5905D00D00AC7 /* Products */,
				0484643121B0E03C00A04B03 /* Frameworks */,
				818595540897CEA469EC97AF /* Pods */,
			);
			sourceTree = "<group>";
		};
		18431C8621A5905D00D00AC7 /* Products */ = {
			isa = PBXGroup;
			children = (
				18431C8521A5905D00D00AC7 /* Countdown.app */,
			);
			name = Products;
			sourceTree = "<group>";
		};
		18431C8721A5905D00D00AC7 /* Countdown */ = {
			isa = PBXGroup;
			children = (
				04541EDB21D89CC700E6D482 /* Auth0.plist */,
				04E1BB9E21B42F9F00000E3B /* DataLists */,
				04E1BB9921B1786800000E3B /* ThingsList */,
				04E1BB9321B1624800000E3B /* ProfileGroup */,
				18431C8821A5905D00D00AC7 /* AppDelegate.swift */,
				18431C8A21A5905D00D00AC7 /* ViewController.swift */,
				18431C8C21A5905E00D00AC7 /* Main.storyboard */,
				183A1D9821AC212E000ECFE3 /* InputAlertController.swift */,
				18431C8F21A5906500D00AC7 /* Assets.xcassets */,
				18431C9121A5906500D00AC7 /* LaunchScreen.storyboard */,
				18431C9421A5906500D00AC7 /* Info.plist */,
			);
			path = Countdown;
			sourceTree = "<group>";
		};
		818595540897CEA469EC97AF /* Pods */ = {
			isa = PBXGroup;
			children = (
				FFEA5A06DE3EB0A2770D1128 /* Pods-Countdown.debug.xcconfig */,
				A254758A7662331136951058 /* Pods-Countdown.release.xcconfig */,
			);
			name = Pods;
			sourceTree = "<group>";
		};
/* End PBXGroup section */

/* Begin PBXNativeTarget section */
		18431C8421A5905D00D00AC7 /* Countdown */ = {
			isa = PBXNativeTarget;
			buildConfigurationList = 18431C9721A5906500D00AC7 /* Build configuration list for PBXNativeTarget "Countdown" */;
			buildPhases = (
				4813D83012FA3229C646248B /* [CP] Check Pods Manifest.lock */,
				18431C8121A5905D00D00AC7 /* Sources */,
				18431C8221A5905D00D00AC7 /* Frameworks */,
				18431C8321A5905D00D00AC7 /* Resources */,
				0484645F21B0FC5000A04B03 /* Embed Frameworks */,
				5ADFE005858B7DC3D52E8B62 /* [CP] Embed Pods Frameworks */,
			);
			buildRules = (
			);
			dependencies = (
				0484645E21B0FC5000A04B03 /* PBXTargetDependency */,
			);
			name = Countdown;
			productName = Countdown;
			productReference = 18431C8521A5905D00D00AC7 /* Countdown.app */;
			productType = "com.apple.product-type.application";
		};
/* End PBXNativeTarget section */

/* Begin PBXProject section */
		18431C7D21A5905D00D00AC7 /* Project object */ = {
			isa = PBXProject;
			attributes = {
				LastSwiftUpdateCheck = 1000;
				LastUpgradeCheck = 1000;
				ORGANIZATIONNAME = nju;
				TargetAttributes = {
					18431C8421A5905D00D00AC7 = {
						CreatedOnToolsVersion = 10.0;
					};
				};
			};
			buildConfigurationList = 18431C8021A5905D00D00AC7 /* Build configuration list for PBXProject "Countdown" */;
			compatibilityVersion = "Xcode 9.3";
			developmentRegion = en;
			hasScannedForEncodings = 0;
			knownRegions = (
				en,
				Base,
			);
			mainGroup = 18431C7C21A5905D00D00AC7;
			productRefGroup = 18431C8621A5905D00D00AC7 /* Products */;
			projectDirPath = "";
			projectReferences = (
				{
					ProductGroup = 0484645321B0FBE600A04B03 /* Products */;
					ProjectRef = 0484645221B0FBE600A04B03 /* Charts.xcodeproj */;
				},
			);
			projectRoot = "";
			targets = (
				18431C8421A5905D00D00AC7 /* Countdown */,
			);
		};
/* End PBXProject section */

/* Begin PBXReferenceProxy section */
		0484645821B0FBE600A04B03 /* Charts.framework */ = {
			isa = PBXReferenceProxy;
			fileType = wrapper.framework;
			path = Charts.framework;
			remoteRef = 0484645721B0FBE600A04B03 /* PBXContainerItemProxy */;
			sourceTree = BUILT_PRODUCTS_DIR;
		};
		0484645A21B0FBE600A04B03 /* ChartsTests.xctest */ = {
			isa = PBXReferenceProxy;
			fileType = wrapper.cfbundle;
			path = ChartsTests.xctest;
			remoteRef = 0484645921B0FBE600A04B03 /* PBXContainerItemProxy */;
			sourceTree = BUILT_PRODUCTS_DIR;
		};
/* End PBXReferenceProxy section */

/* Begin PBXResourcesBuildPhase section */
		18431C8321A5905D00D00AC7 /* Resources */ = {
			isa = PBXResourcesBuildPhase;
			buildActionMask = 2147483647;
			files = (
				18431C9321A5906500D00AC7 /* LaunchScreen.storyboard in Resources */,
				18431C9021A5906500D00AC7 /* Assets.xcassets in Resources */,
				04E1BB9D21B17C6200000E3B /* DailyThingsDataList.plist in Resources */,
				18431C8E21A5905E00D00AC7 /* Main.storyboard in Resources */,
				04428E4521B01A8200494868 /* InitialDataList.plist in Resources */,
				04E1BB9821B16E0000000E3B /* HistoryPropertyList.plist in Resources */,
				183B06D821AAD84800200825 /* MonthlyThingsDataList.plist in Resources */,
				04541EDD21D89CC800E6D482 /* Auth0.plist in Resources */,
			);
			runOnlyForDeploymentPostprocessing = 0;
		};
/* End PBXResourcesBuildPhase section */

/* Begin PBXShellScriptBuildPhase section */
		4813D83012FA3229C646248B /* [CP] Check Pods Manifest.lock */ = {
			isa = PBXShellScriptBuildPhase;
			buildActionMask = 2147483647;
			files = (
			);
			inputFileListPaths = (
			);
			inputPaths = (
				"${PODS_PODFILE_DIR_PATH}/Podfile.lock",
				"${PODS_ROOT}/Manifest.lock",
			);
			name = "[CP] Check Pods Manifest.lock";
			outputFileListPaths = (
			);
			outputPaths = (
				"$(DERIVED_FILE_DIR)/Pods-Countdown-checkManifestLockResult.txt",
			);
			runOnlyForDeploymentPostprocessing = 0;
			shellPath = /bin/sh;
			shellScript = "diff \"${PODS_PODFILE_DIR_PATH}/Podfile.lock\" \"${PODS_ROOT}/Manifest.lock\" > /dev/null\nif [ $? != 0 ] ; then\n    # print error to STDERR\n    echo \"error: The sandbox is not in sync with the Podfile.lock. Run 'pod install' or update your CocoaPods installation.\" >&2\n    exit 1\nfi\n# This output is used by Xcode 'outputs' to avoid re-running this script phase.\necho \"SUCCESS\" > \"${SCRIPT_OUTPUT_FILE_0}\"\n";
			showEnvVarsInLog = 0;
		};
		5ADFE005858B7DC3D52E8B62 /* [CP] Embed Pods Frameworks */ = {
			isa = PBXShellScriptBuildPhase;
			buildActionMask = 2147483647;
			files = (
			);
			inputFileListPaths = (
			);
			inputPaths = (
				"${SRCROOT}/Pods/Target Support Files/Pods-Countdown/Pods-Countdown-frameworks.sh",
				"${BUILT_PRODUCTS_DIR}/Auth0/Auth0.framework",
				"${BUILT_PRODUCTS_DIR}/SimpleKeychain/SimpleKeychain.framework",
			);
			name = "[CP] Embed Pods Frameworks";
			outputFileListPaths = (
			);
			outputPaths = (
				"${TARGET_BUILD_DIR}/${FRAMEWORKS_FOLDER_PATH}/Auth0.framework",
				"${TARGET_BUILD_DIR}/${FRAMEWORKS_FOLDER_PATH}/SimpleKeychain.framework",
			);
			runOnlyForDeploymentPostprocessing = 0;
			shellPath = /bin/sh;
			shellScript = "\"${SRCROOT}/Pods/Target Support Files/Pods-Countdown/Pods-Countdown-frameworks.sh\"\n";
			showEnvVarsInLog = 0;
		};
/* End PBXShellScriptBuildPhase section */

/* Begin PBXSourcesBuildPhase section */
		18431C8121A5905D00D00AC7 /* Sources */ = {
			isa = PBXSourcesBuildPhase;
			buildActionMask = 2147483647;
			files = (
				04349FF521B0D30F0045C6AF /* HistoryTableViewController.swift in Sources */,
				04428E4121AEB86600494868 /* ProfileTableViewController.swift in Sources */,
				04E1BB9B21B17C3A00000E3B /* DailyTableViewController.swift in Sources */,
				04FE9BED21D7AA46004D2D4A /* MyProfileSettingViewController.swift in Sources */,
				04428E4321B019BA00494868 /* InitialDocTableViewController.swift in Sources */,
				183A1D9921AC212E000ECFE3 /* InputAlertController.swift in Sources */,
				04E1BBA021B44A8F00000E3B /* Equipment2TableViewController.swift in Sources */,
				18431C8B21A5905D00D00AC7 /* ViewController.swift in Sources */,
				18431C8921A5905D00D00AC7 /* AppDelegate.swift in Sources */,
				04E1BB9621B1649900000E3B /* Equipment1TableViewController.swift in Sources */,
				183B06D421AABA3000200825 /* MonthlyThingsTableViewController.swift in Sources */,
			);
			runOnlyForDeploymentPostprocessing = 0;
		};
/* End PBXSourcesBuildPhase section */

/* Begin PBXTargetDependency section */
		0484645E21B0FC5000A04B03 /* PBXTargetDependency */ = {
			isa = PBXTargetDependency;
			name = Charts;
			targetProxy = 0484645D21B0FC5000A04B03 /* PBXContainerItemProxy */;
		};
/* End PBXTargetDependency section */

/* Begin PBXVariantGroup section */
		18431C8C21A5905E00D00AC7 /* Main.storyboard */ = {
			isa = PBXVariantGroup;
			children = (
				18431C8D21A5905E00D00AC7 /* Base */,
			);
			name = Main.storyboard;
			sourceTree = "<group>";
		};
		18431C9121A5906500D00AC7 /* LaunchScreen.storyboard */ = {
			isa = PBXVariantGroup;
			children = (
				18431C9221A5906500D00AC7 /* Base */,
			);
			name = LaunchScreen.storyboard;
			sourceTree = "<group>";
		};
/* End PBXVariantGroup section */

/* Begin XCBuildConfiguration section */
		18431C9521A5906500D00AC7 /* Debug */ = {
			isa = XCBuildConfiguration;
			buildSettings = {
				ALWAYS_SEARCH_USER_PATHS = NO;
				CLANG_ANALYZER_NONNULL = YES;
				CLANG_ANALYZER_NUMBER_OBJECT_CONVERSION = YES_AGGRESSIVE;
				CLANG_CXX_LANGUAGE_STANDARD = "gnu++14";
				CLANG_CXX_LIBRARY = "libc++";
				CLANG_ENABLE_MODULES = YES;
				CLANG_ENABLE_OBJC_ARC = YES;
				CLANG_ENABLE_OBJC_WEAK = YES;
				CLANG_WARN_BLOCK_CAPTURE_AUTORELEASING = YES;
				CLANG_WARN_BOOL_CONVERSION = YES;
				CLANG_WARN_COMMA = YES;
				CLANG_WARN_CONSTANT_CONVERSION = YES;
				CLANG_WARN_DEPRECATED_OBJC_IMPLEMENTATIONS = YES;
				CLANG_WARN_DIRECT_OBJC_ISA_USAGE = YES_ERROR;
				CLANG_WARN_DOCUMENTATION_COMMENTS = YES;
				CLANG_WARN_EMPTY_BODY = YES;
				CLANG_WARN_ENUM_CONVERSION = YES;
				CLANG_WARN_INFINITE_RECURSION = YES;
				CLANG_WARN_INT_CONVERSION = YES;
				CLANG_WARN_NON_LITERAL_NULL_CONVERSION = YES;
				CLANG_WARN_OBJC_IMPLICIT_RETAIN_SELF = YES;
				CLANG_WARN_OBJC_LITERAL_CONVERSION = YES;
				CLANG_WARN_OBJC_ROOT_CLASS = YES_ERROR;
				CLANG_WARN_RANGE_LOOP_ANALYSIS = YES;
				CLANG_WARN_STRICT_PROTOTYPES = YES;
				CLANG_WARN_SUSPICIOUS_MOVE = YES;
				CLANG_WARN_UNGUARDED_AVAILABILITY = YES_AGGRESSIVE;
				CLANG_WARN_UNREACHABLE_CODE = YES;
				CLANG_WARN__DUPLICATE_METHOD_MATCH = YES;
				CODE_SIGN_IDENTITY = "iPhone Developer";
				COPY_PHASE_STRIP = NO;
				DEBUG_INFORMATION_FORMAT = dwarf;
				ENABLE_STRICT_OBJC_MSGSEND = YES;
				ENABLE_TESTABILITY = YES;
				GCC_C_LANGUAGE_STANDARD = gnu11;
				GCC_DYNAMIC_NO_PIC = NO;
				GCC_NO_COMMON_BLOCKS = YES;
				GCC_OPTIMIZATION_LEVEL = 0;
				GCC_PREPROCESSOR_DEFINITIONS = (
					"DEBUG=1",
					"$(inherited)",
				);
				GCC_WARN_64_TO_32_BIT_CONVERSION = YES;
				GCC_WARN_ABOUT_RETURN_TYPE = YES_ERROR;
				GCC_WARN_UNDECLARED_SELECTOR = YES;
				GCC_WARN_UNINITIALIZED_AUTOS = YES_AGGRESSIVE;
				GCC_WARN_UNUSED_FUNCTION = YES;
				GCC_WARN_UNUSED_VARIABLE = YES;
				IPHONEOS_DEPLOYMENT_TARGET = 12.0;
				MTL_ENABLE_DEBUG_INFO = INCLUDE_SOURCE;
				MTL_FAST_MATH = YES;
				ONLY_ACTIVE_ARCH = YES;
				SDKROOT = iphoneos;
				SWIFT_ACTIVE_COMPILATION_CONDITIONS = DEBUG;
				SWIFT_OPTIMIZATION_LEVEL = "-Onone";
			};
			name = Debug;
		};
		18431C9621A5906500D00AC7 /* Release */ = {
			isa = XCBuildConfiguration;
			buildSettings = {
				ALWAYS_SEARCH_USER_PATHS = NO;
				CLANG_ANALYZER_NONNULL = YES;
				CLANG_ANALYZER_NUMBER_OBJECT_CONVERSION = YES_AGGRESSIVE;
				CLANG_CXX_LANGUAGE_STANDARD = "gnu++14";
				CLANG_CXX_LIBRARY = "libc++";
				CLANG_ENABLE_MODULES = YES;
				CLANG_ENABLE_OBJC_ARC = YES;
				CLANG_ENABLE_OBJC_WEAK = YES;
				CLANG_WARN_BLOCK_CAPTURE_AUTORELEASING = YES;
				CLANG_WARN_BOOL_CONVERSION = YES;
				CLANG_WARN_COMMA = YES;
				CLANG_WARN_CONSTANT_CONVERSION = YES;
				CLANG_WARN_DEPRECATED_OBJC_IMPLEMENTATIONS = YES;
				CLANG_WARN_DIRECT_OBJC_ISA_USAGE = YES_ERROR;
				CLANG_WARN_DOCUMENTATION_COMMENTS = YES;
				CLANG_WARN_EMPTY_BODY = YES;
				CLANG_WARN_ENUM_CONVERSION = YES;
				CLANG_WARN_INFINITE_RECURSION = YES;
				CLANG_WARN_INT_CONVERSION = YES;
				CLANG_WARN_NON_LITERAL_NULL_CONVERSION = YES;
				CLANG_WARN_OBJC_IMPLICIT_RETAIN_SELF = YES;
				CLANG_WARN_OBJC_LITERAL_CONVERSION = YES;
				CLANG_WARN_OBJC_ROOT_CLASS = YES_ERROR;
				CLANG_WARN_RANGE_LOOP_ANALYSIS = YES;
				CLANG_WARN_STRICT_PROTOTYPES = YES;
				CLANG_WARN_SUSPICIOUS_MOVE = YES;
				CLANG_WARN_UNGUARDED_AVAILABILITY = YES_AGGRESSIVE;
				CLANG_WARN_UNREACHABLE_CODE = YES;
				CLANG_WARN__DUPLICATE_METHOD_MATCH = YES;
				CODE_SIGN_IDENTITY = "iPhone Developer";
				COPY_PHASE_STRIP = NO;
				DEBUG_INFORMATION_FORMAT = "dwarf-with-dsym";
				ENABLE_NS_ASSERTIONS = NO;
				ENABLE_STRICT_OBJC_MSGSEND = YES;
				GCC_C_LANGUAGE_STANDARD = gnu11;
				GCC_NO_COMMON_BLOCKS = YES;
				GCC_WARN_64_TO_32_BIT_CONVERSION = YES;
				GCC_WARN_ABOUT_RETURN_TYPE = YES_ERROR;
				GCC_WARN_UNDECLARED_SELECTOR = YES;
				GCC_WARN_UNINITIALIZED_AUTOS = YES_AGGRESSIVE;
				GCC_WARN_UNUSED_FUNCTION = YES;
				GCC_WARN_UNUSED_VARIABLE = YES;
				IPHONEOS_DEPLOYMENT_TARGET = 12.0;
				MTL_ENABLE_DEBUG_INFO = NO;
				MTL_FAST_MATH = YES;
				SDKROOT = iphoneos;
				SWIFT_COMPILATION_MODE = wholemodule;
				SWIFT_OPTIMIZATION_LEVEL = "-O";
				VALIDATE_PRODUCT = YES;
			};
			name = Release;
		};
		18431C9821A5906500D00AC7 /* Debug */ = {
			isa = XCBuildConfiguration;
			baseConfigurationReference = FFEA5A06DE3EB0A2770D1128 /* Pods-Countdown.debug.xcconfig */;
			buildSettings = {
				ALWAYS_EMBED_SWIFT_STANDARD_LIBRARIES = "$(inherited)";
				ASSETCATALOG_COMPILER_APPICON_NAME = AppIcon;
				CODE_SIGN_STYLE = Automatic;
				DEVELOPMENT_TEAM = 4XUF6M7R98;
				INFOPLIST_FILE = Countdown/Info.plist;
				LD_RUNPATH_SEARCH_PATHS = (
					"$(inherited)",
					"@executable_path/Frameworks",
				);
				PRODUCT_BUNDLE_IDENTIFIER = cn.edu.nju.xhl.Countdown;
				PRODUCT_NAME = "$(TARGET_NAME)";
				SWIFT_VERSION = 4.2;
				TARGETED_DEVICE_FAMILY = "1,2";
			};
			name = Debug;
		};
		18431C9921A5906500D00AC7 /* Release */ = {
			isa = XCBuildConfiguration;
			baseConfigurationReference = A254758A7662331136951058 /* Pods-Countdown.release.xcconfig */;
			buildSettings = {
				ALWAYS_EMBED_SWIFT_STANDARD_LIBRARIES = "$(inherited)";
				ASSETCATALOG_COMPILER_APPICON_NAME = AppIcon;
				CODE_SIGN_STYLE = Automatic;
				DEVELOPMENT_TEAM = 4XUF6M7R98;
				INFOPLIST_FILE = Countdown/Info.plist;
				LD_RUNPATH_SEARCH_PATHS = (
					"$(inherited)",
					"@executable_path/Frameworks",
				);
				PRODUCT_BUNDLE_IDENTIFIER = cn.edu.nju.xhl.Countdown;
				PRODUCT_NAME = "$(TARGET_NAME)";
				SWIFT_VERSION = 4.2;
				TARGETED_DEVICE_FAMILY = "1,2";
			};
			name = Release;
		};
/* End XCBuildConfiguration section */

/* Begin XCConfigurationList section */
		18431C8021A5905D00D00AC7 /* Build configuration list for PBXProject "Countdown" */ = {
			isa = XCConfigurationList;
			buildConfigurations = (
				18431C9521A5906500D00AC7 /* Debug */,
				18431C9621A5906500D00AC7 /* Release */,
			);
			defaultConfigurationIsVisible = 0;
			defaultConfigurationName = Release;
		};
		18431C9721A5906500D00AC7 /* Build configuration list for PBXNativeTarget "Countdown" */ = {
			isa = XCConfigurationList;
			buildConfigurations = (
				18431C9821A5906500D00AC7 /* Debug */,
				18431C9921A5906500D00AC7 /* Release */,
			);
			defaultConfigurationIsVisible = 0;
			defaultConfigurationName = Release;
		};
/* End XCConfigurationList section */
	};
	rootObject = 18431C7D21A5905D00D00AC7 /* Project object */;
}
